
Microsoft Visual Studio Solution File, Format Version 12.00
# Visual Studio Version 16
VisualStudioVersion = 16.0.29411.108
MinimumVisualStudioVersion = 10.0.40219.1
Project("{9A19103F-16F7-4668-BE54-9A1E7A4F7556}") = "JonnyHammer", "JonnyHammer\JonnyHammer.csproj", "{F51FD959-423A-4BD4-BE1F-E5D5B458D264}"
EndProject
Project("{2150E333-8FDC-42A3-9474-1A3956D46DE8}") = "Libs", "Libs", "{2A220C0B-18A5-4E8A-8C06-76F7CAAF7A96}"
EndProject
Project("{9A19103F-16F7-4668-BE54-9A1E7A4F7556}") = "TiledSharp", "Libs\TiledSharp\TiledSharp.csproj", "{E4230123-EFE1-4547-9F75-9DE6ECCD9282}"
EndProject
Project("{9A19103F-16F7-4668-BE54-9A1E7A4F7556}") = "Aether.Physics2D", "Libs\Aether.Physics2D\Aether.Physics2D.csproj", "{BAC36AAE-7BB9-43B8-989C-3654589FF2A3}"
EndProject
Global
	GlobalSection(SolutionConfigurationPlatforms) = preSolution
		Debug|Any CPU = Debug|Any CPU
		Release|Any CPU = Release|Any CPU
	EndGlobalSection
	GlobalSection(ProjectConfigurationPlatforms) = postSolution
		{F51FD959-423A-4BD4-BE1F-E5D5B458D264}.Debug|Any CPU.ActiveCfg = Debug|Any CPU
		{F51FD959-423A-4BD4-BE1F-E5D5B458D264}.Debug|Any CPU.Build.0 = Debug|Any CPU
		{F51FD959-423A-4BD4-BE1F-E5D5B458D264}.Release|Any CPU.ActiveCfg = Release|Any CPU
		{F51FD959-423A-4BD4-BE1F-E5D5B458D264}.Release|Any CPU.Build.0 = Release|Any CPU
		{E4230123-EFE1-4547-9F75-9DE6ECCD9282}.Debug|Any CPU.ActiveCfg = Debug|Any CPU
		{E4230123-EFE1-4547-9F75-9DE6ECCD9282}.Debug|Any CPU.Build.0 = Debug|Any CPU
		{E4230123-EFE1-4547-9F75-9DE6ECCD9282}.Release|Any CPU.ActiveCfg = Release|Any CPU
		{E4230123-EFE1-4547-9F75-9DE6ECCD9282}.Release|Any CPU.Build.0 = Release|Any CPU
		{BAC36AAE-7BB9-43B8-989C-3654589FF2A3}.Debug|Any CPU.ActiveCfg = Debug|Any CPU
		{BAC36AAE-7BB9-43B8-989C-3654589FF2A3}.Debug|Any CPU.Build.0 = Debug|Any CPU
		{BAC36AAE-7BB9-43B8-989C-3654589FF2A3}.Release|Any CPU.ActiveCfg = Release|Any CPU
		{BAC36AAE-7BB9-43B8-989C-3654589FF2A3}.Release|Any CPU.Build.0 = Release|Any CPU
	EndGlobalSection
	GlobalSection(SolutionProperties) = preSolution
		HideSolutionNode = FALSE
	EndGlobalSection
	GlobalSection(NestedProjects) = preSolution
		{E4230123-EFE1-4547-9F75-9DE6ECCD9282} = {2A220C0B-18A5-4E8A-8C06-76F7CAAF7A96}
		{BAC36AAE-7BB9-43B8-989C-3654589FF2A3} = {2A220C0B-18A5-4E8A-8C06-76F7CAAF7A96}
	EndGlobalSection
	GlobalSection(ExtensibilityGlobals) = postSolution
		SolutionGuid = {C53E51D7-BE10-4EF3-9547-BFE670E6842D}
	EndGlobalSection
EndGlobal
